
Microsoft Visual Studio Solution File, Format Version 12.00
# Visual Studio 15
VisualStudioVersion = 15.0.28307.136
MinimumVisualStudioVersion = 10.0.40219.1
Project("{8BC9CEB8-8B4A-11D0-8D11-00A0C91BC942}") = "Heapsort_v5", "Heapsort_v5\Heapsort_v5.vcxproj", "{54960781-52CA-44B0-9062-4EC9FAB07826}"
EndProject
Global
	GlobalSection(SolutionConfigurationPlatforms) = preSolution
		Debug|x64 = Debug|x64
		Debug|x86 = Debug|x86
		Release|x64 = Release|x64
		Release|x86 = Release|x86
	EndGlobalSection
	GlobalSection(ProjectConfigurationPlatforms) = postSolution
		{54960781-52CA-44B0-9062-4EC9FAB07826}.Debug|x64.ActiveCfg = Debug|x64
		{54960781-52CA-44B0-9062-4EC9FAB07826}.Debug|x64.Build.0 = Debug|x64
		{54960781-52CA-44B0-9062-4EC9FAB07826}.Debug|x86.ActiveCfg = Debug|Win32
		{54960781-52CA-44B0-9062-4EC9FAB07826}.Debug|x86.Build.0 = Debug|Win32
		{54960781-52CA-44B0-9062-4EC9FAB07826}.Release|x64.ActiveCfg = Release|x64
		{54960781-52CA-44B0-9062-4EC9FAB07826}.Release|x64.Build.0 = Release|x64
		{54960781-52CA-44B0-9062-4EC9FAB07826}.Release|x86.ActiveCfg = Release|Win32
		{54960781-52CA-44B0-9062-4EC9FAB07826}.Release|x86.Build.0 = Release|Win32
	EndGlobalSection
	GlobalSection(SolutionProperties) = preSolution
		HideSolutionNode = FALSE
	EndGlobalSection
	GlobalSection(ExtensibilityGlobals) = postSolution
		SolutionGuid = {4E0C7AC4-AE3D-4D10-8FE9-E91463BCA339}
	EndGlobalSection
EndGlobal
